
Microsoft Visual Studio Solution File, Format Version 12.00
# Visual Studio Version 17
VisualStudioVersion = 17.3.32804.467
MinimumVisualStudioVersion = 10.0.40219.1
Project("{FAE04EC0-301F-11D3-BF4B-00C04F79EFBC}") = "BookStore API", "BookStore API\BookStore API.csproj", "{7D15D560-855E-4809-8870-9FD75A170A49}"
EndProject
Global
	GlobalSection(SolutionConfigurationPlatforms) = preSolution
		Debug|Any CPU = Debug|Any CPU
		Release|Any CPU = Release|Any CPU
	EndGlobalSection
	GlobalSection(ProjectConfigurationPlatforms) = postSolution
		{7D15D560-855E-4809-8870-9FD75A170A49}.Debug|Any CPU.ActiveCfg = Debug|Any CPU
		{7D15D560-855E-4809-8870-9FD75A170A49}.Debug|Any CPU.Build.0 = Debug|Any CPU
		{7D15D560-855E-4809-8870-9FD75A170A49}.Release|Any CPU.ActiveCfg = Release|Any CPU
		{7D15D560-855E-4809-8870-9FD75A170A49}.Release|Any CPU.Build.0 = Release|Any CPU
	EndGlobalSection
	GlobalSection(SolutionProperties) = preSolution
		HideSolutionNode = FALSE
	EndGlobalSection
	GlobalSection(ExtensibilityGlobals) = postSolution
		SolutionGuid = {D781139E-1172-4E4A-8B0D-1BC322BD85D9}
	EndGlobalSection
EndGlobal
